<?xml version="1.0" encoding="utf-8"?>
<Project ToolsVersion="4.0" xmlns="http://schemas.microsoft.com/developer/msbuild/2003">
  <ItemGroup>
    <Filter Include="Source Files">
      <UniqueIdentifier>{4FC737F1-C7A5-4376-A066-2A32D752A2FF}</UniqueIdentifier>
      <Extensions>cpp;cxx;c;def</Extensions>
    </Filter>
    <Filter Include="Header Files">
      <UniqueIdentifier>{93995380-89BD-4b04-88EB-625FBE52EBFB}</UniqueIdentifier>
      <Extensions>h</Extensions>
    </Filter>
    <Filter Include="Resource Files">
      <UniqueIdentifier>{D9D6E242-F8AF-46E4-B9FD-80ECBC20BA3E}</UniqueIdentifier>
      <Extensions>qrc;*</Extensions>
      <ParseFiles>false</ParseFiles>
    </Filter>
  </ItemGroup>
  <ItemGroup>
    <ClCompile Include="modLibRefs.cpp">
      <Filter>Source Files</Filter>
    </ClCompile>
    <ClCompile Include="SQDDatabase.cpp">
      <Filter>Source Files</Filter>
    </ClCompile>
    <ClCompile Include="SQDEnums.cpp">
      <Filter>Source Files</Filter>
    </ClCompile>
    <ClCompile Include="SQDField.cpp">
      <Filter>Source Files</Filter>
    </ClCompile>
    <ClCompile Include="SQDQuerySet.cpp">
      <Filter>Source Files</Filter>
    </ClCompile>
    <ClCompile Include="SQDRecord.cpp">
      <Filter>Source Files</Filter>
    </ClCompile>
    <ClCompile Include="SQDStructs.cpp">
      <Filter>Source Files</Filter>
    </ClCompile>
    <ClCompile Include="SQLiteStar.cpp">
      <Filter>Source Files</Filter>
    </ClCompile>
  </ItemGroup>
  <ItemGroup>
    <ClInclude Include="modLibRefs.h">
      <Filter>Header Files</Filter>
    </ClInclude>
    <ClInclude Include="modMemVarMacros.h">
      <Filter>Header Files</Filter>
    </ClInclude>
    <ClInclude Include="SQDDatabase.h">
      <Filter>Header Files</Filter>
    </ClInclude>
    <ClInclude Include="SQDEnums.h">
      <Filter>Header Files</Filter>
    </ClInclude>
    <ClInclude Include="SQDField.h">
      <Filter>Header Files</Filter>
    </ClInclude>
    <ClInclude Include="SQDLicense.h">
      <Filter>Header Files</Filter>
    </ClInclude>
    <ClInclude Include="SQDQuerySet.h">
      <Filter>Header Files</Filter>
    </ClInclude>
    <ClInclude Include="SQDRecord.h">
      <Filter>Header Files</Filter>
    </ClInclude>
    <ClInclude Include="SQDStructs.h">
      <Filter>Header Files</Filter>
    </ClInclude>
    <ClInclude Include="SQLiteStar.h">
      <Filter>Header Files</Filter>
    </ClInclude>
  </ItemGroup>
</Project>